
Microsoft Visual Studio Solution File, Format Version 12.00
# Visual Studio 15
VisualStudioVersion = 15.0.28010.2048
MinimumVisualStudioVersion = 10.0.40219.1
Project("{FAE04EC0-301F-11D3-BF4B-00C04F79EFBC}") = "GettingStarted.Android", "GettingStarted\GettingStarted.Android\GettingStarted.Android.csproj", "{86FA8C1F-90B7-4257-A759-AC930CA16618}"
EndProject
Project("{FAE04EC0-301F-11D3-BF4B-00C04F79EFBC}") = "GettingStarted.iOS", "GettingStarted\GettingStarted.iOS\GettingStarted.iOS.csproj", "{681E4D76-EB54-4EF7-BD95-16E839A59A1C}"
EndProject
Project("{FAE04EC0-301F-11D3-BF4B-00C04F79EFBC}") = "GettingStarted.UWP", "GettingStarted\GettingStarted.UWP\GettingStarted.UWP.csproj", "{336430A4-4B12-4213-8366-159646DE63D6}"
EndProject
Project("{FAE04EC0-301F-11D3-BF4B-00C04F79EFBC}") = "GettingStarted", "GettingStarted\GettingStarted\GettingStarted.csproj", "{E67EEB35-EE80-4F8B-B781-5AF5DA72B99B}"
EndProject
Global
	GlobalSection(SolutionConfigurationPlatforms) = preSolution
		Ad-Hoc|Any CPU = Ad-Hoc|Any CPU
		Ad-Hoc|ARM = Ad-Hoc|ARM
		Ad-Hoc|iPhone = Ad-Hoc|iPhone
		Ad-Hoc|iPhoneSimulator = Ad-Hoc|iPhoneSimulator
		Ad-Hoc|x64 = Ad-Hoc|x64
		Ad-Hoc|x86 = Ad-Hoc|x86
		AppStore|Any CPU = AppStore|Any CPU
		AppStore|ARM = AppStore|ARM
		AppStore|iPhone = AppStore|iPhone
		AppStore|iPhoneSimulator = AppStore|iPhoneSimulator
		AppStore|x64 = AppStore|x64
		AppStore|x86 = AppStore|x86
		Debug|Any CPU = Debug|Any CPU
		Debug|ARM = Debug|ARM
		Debug|iPhone = Debug|iPhone
		Debug|iPhoneSimulator = Debug|iPhoneSimulator
		Debug|x64 = Debug|x64
		Debug|x86 = Debug|x86
		Release|Any CPU = Release|Any CPU
		Release|ARM = Release|ARM
		Release|iPhone = Release|iPhone
		Release|iPhoneSimulator = Release|iPhoneSimulator
		Release|x64 = Release|x64
		Release|x86 = Release|x86
	EndGlobalSection
	GlobalSection(ProjectConfigurationPlatforms) = postSolution
		{86FA8C1F-90B7-4257-A759-AC930CA16618}.Ad-Hoc|Any CPU.ActiveCfg = Release|Any CPU
		{86FA8C1F-90B7-4257-A759-AC930CA16618}.Ad-Hoc|Any CPU.Build.0 = Release|Any CPU
		{86FA8C1F-90B7-4257-A759-AC930CA16618}.Ad-Hoc|Any CPU.Deploy.0 = Release|Any CPU
		{86FA8C1F-90B7-4257-A759-AC930CA16618}.Ad-Hoc|ARM.ActiveCfg = Release|Any CPU
		{86FA8C1F-90B7-4257-A759-AC930CA16618}.Ad-Hoc|ARM.Build.0 = Release|Any CPU
		{86FA8C1F-90B7-4257-A759-AC930CA16618}.Ad-Hoc|ARM.Deploy.0 = Release|Any CPU
		{86FA8C1F-90B7-4257-A759-AC930CA16618}.Ad-Hoc|iPhone.ActiveCfg = Release|Any CPU
		{86FA8C1F-90B7-4257-A759-AC930CA16618}.Ad-Hoc|iPhone.Build.0 = Release|Any CPU
		{86FA8C1F-90B7-4257-A759-AC930CA16618}.Ad-Hoc|iPhone.Deploy.0 = Release|Any CPU
		{86FA8C1F-90B7-4257-A759-AC930CA16618}.Ad-Hoc|iPhoneSimulator.ActiveCfg = Release|Any CPU
		{86FA8C1F-90B7-4257-A759-AC930CA16618}.Ad-Hoc|iPhoneSimulator.Build.0 = Release|Any CPU
		{86FA8C1F-90B7-4257-A759-AC930CA16618}.Ad-Hoc|iPhoneSimulator.Deploy.0 = Release|Any CPU
		{86FA8C1F-90B7-4257-A759-AC930CA16618}.Ad-Hoc|x64.ActiveCfg = Release|Any CPU
		{86FA8C1F-90B7-4257-A759-AC930CA16618}.Ad-Hoc|x64.Build.0 = Release|Any CPU
		{86FA8C1F-90B7-4257-A759-AC930CA16618}.Ad-Hoc|x64.Deploy.0 = Release|Any CPU
		{86FA8C1F-90B7-4257-A759-AC930CA16618}.Ad-Hoc|x86.ActiveCfg = Release|Any CPU
		{86FA8C1F-90B7-4257-A759-AC930CA16618}.Ad-Hoc|x86.Build.0 = Release|Any CPU
		{86FA8C1F-90B7-4257-A759-AC930CA16618}.Ad-Hoc|x86.Deploy.0 = Release|Any CPU
		{86FA8C1F-90B7-4257-A759-AC930CA16618}.AppStore|Any CPU.ActiveCfg = Release|Any CPU
		{86FA8C1F-90B7-4257-A759-AC930CA16618}.AppStore|Any CPU.Build.0 = Release|Any CPU
		{86FA8C1F-90B7-4257-A759-AC930CA16618}.AppStore|Any CPU.Deploy.0 = Release|Any CPU
		{86FA8C1F-90B7-4257-A759-AC930CA16618}.AppStore|ARM.ActiveCfg = Release|Any CPU
		{86FA8C1F-90B7-4257-A759-AC930CA16618}.AppStore|ARM.Build.0 = Release|Any CPU
		{86FA8C1F-90B7-4257-A759-AC930CA16618}.AppStore|ARM.Deploy.0 = Release|Any CPU
		{86FA8C1F-90B7-4257-A759-AC930CA16618}.AppStore|iPhone.ActiveCfg = Release|Any CPU
		{86FA8C1F-90B7-4257-A759-AC930CA16618}.AppStore|iPhone.Build.0 = Release|Any CPU
		{86FA8C1F-90B7-4257-A759-AC930CA16618}.AppStore|iPhone.Deploy.0 = Release|Any CPU
		{86FA8C1F-90B7-4257-A759-AC930CA16618}.AppStore|iPhoneSimulator.ActiveCfg = Release|Any CPU
		{86FA8C1F-90B7-4257-A759-AC930CA16618}.AppStore|iPhoneSimulator.Build.0 = Release|Any CPU
		{86FA8C1F-90B7-4257-A759-AC930CA16618}.AppStore|iPhoneSimulator.Deploy.0 = Release|Any CPU
		{86FA8C1F-90B7-4257-A759-AC930CA16618}.AppStore|x64.ActiveCfg = Release|Any CPU
		{86FA8C1F-90B7-4257-A759-AC930CA16618}.AppStore|x64.Build.0 = Release|Any CPU
		{86FA8C1F-90B7-4257-A759-AC930CA16618}.AppStore|x64.Deploy.0 = Release|Any CPU
		{86FA8C1F-90B7-4257-A759-AC930CA16618}.AppStore|x86.ActiveCfg = Release|Any CPU
		{86FA8C1F-90B7-4257-A759-AC930CA16618}.AppStore|x86.Build.0 = Release|Any CPU
		{86FA8C1F-90B7-4257-A759-AC930CA16618}.AppStore|x86.Deploy.0 = Release|Any CPU
		{86FA8C1F-90B7-4257-A759-AC930CA16618}.Debug|Any CPU.ActiveCfg = Debug|Any CPU
		{86FA8C1F-90B7-4257-A759-AC930CA16618}.Debug|Any CPU.Build.0 = Debug|Any CPU
		{86FA8C1F-90B7-4257-A759-AC930CA16618}.Debug|Any CPU.Deploy.0 = Debug|Any CPU
		{86FA8C1F-90B7-4257-A759-AC930CA16618}.Debug|ARM.ActiveCfg = Debug|Any CPU
		{86FA8C1F-90B7-4257-A759-AC930CA16618}.Debug|ARM.Build.0 = Debug|Any CPU
		{86FA8C1F-90B7-4257-A759-AC930CA16618}.Debug|ARM.Deploy.0 = Debug|Any CPU
		{86FA8C1F-90B7-4257-A759-AC930CA16618}.Debug|iPhone.ActiveCfg = Debug|Any CPU
		{86FA8C1F-90B7-4257-A759-AC930CA16618}.Debug|iPhone.Build.0 = Debug|Any CPU
		{86FA8C1F-90B7-4257-A759-AC930CA16618}.Debug|iPhone.Deploy.0 = Debug|Any CPU
		{86FA8C1F-90B7-4257-A759-AC930CA16618}.Debug|iPhoneSimulator.ActiveCfg = Debug|Any CPU
		{86FA8C1F-90B7-4257-A759-AC930CA16618}.Debug|iPhoneSimulator.Build.0 = Debug|Any CPU
		{86FA8C1F-90B7-4257-A759-AC930CA16618}.Debug|iPhoneSimulator.Deploy.0 = Debug|Any CPU
		{86FA8C1F-90B7-4257-A759-AC930CA16618}.Debug|x64.ActiveCfg = Debug|Any CPU
		{86FA8C1F-90B7-4257-A759-AC930CA16618}.Debug|x64.Build.0 = Debug|Any CPU
		{86FA8C1F-90B7-4257-A759-AC930CA16618}.Debug|x64.Deploy.0 = Debug|Any CPU
		{86FA8C1F-90B7-4257-A759-AC930CA16618}.Debug|x86.ActiveCfg = Debug|Any CPU
		{86FA8C1F-90B7-4257-A759-AC930CA16618}.Debug|x86.Build.0 = Debug|Any CPU
		{86FA8C1F-90B7-4257-A759-AC930CA16618}.Debug|x86.Deploy.0 = Debug|Any CPU
		{86FA8C1F-90B7-4257-A759-AC930CA16618}.Release|Any CPU.ActiveCfg = Release|Any CPU
		{86FA8C1F-90B7-4257-A759-AC930CA16618}.Release|Any CPU.Build.0 = Release|Any CPU
		{86FA8C1F-90B7-4257-A759-AC930CA16618}.Release|Any CPU.Deploy.0 = Release|Any CPU
		{86FA8C1F-90B7-4257-A759-AC930CA16618}.Release|ARM.ActiveCfg = Release|Any CPU
		{86FA8C1F-90B7-4257-A759-AC930CA16618}.Release|ARM.Build.0 = Release|Any CPU
		{86FA8C1F-90B7-4257-A759-AC930CA16618}.Release|ARM.Deploy.0 = Release|Any CPU
		{86FA8C1F-90B7-4257-A759-AC930CA16618}.Release|iPhone.ActiveCfg = Release|Any CPU
		{86FA8C1F-90B7-4257-A759-AC930CA16618}.Release|iPhone.Build.0 = Release|Any CPU
		{86FA8C1F-90B7-4257-A759-AC930CA16618}.Release|iPhone.Deploy.0 = Release|Any CPU
		{86FA8C1F-90B7-4257-A759-AC930CA16618}.Release|iPhoneSimulator.ActiveCfg = Release|Any CPU
		{86FA8C1F-90B7-4257-A759-AC930CA16618}.Release|iPhoneSimulator.Build.0 = Release|Any CPU
		{86FA8C1F-90B7-4257-A759-AC930CA16618}.Release|iPhoneSimulator.Deploy.0 = Release|Any CPU
		{86FA8C1F-90B7-4257-A759-AC930CA16618}.Release|x64.ActiveCfg = Release|Any CPU
		{86FA8C1F-90B7-4257-A759-AC930CA16618}.Release|x64.Build.0 = Release|Any CPU
		{86FA8C1F-90B7-4257-A759-AC930CA16618}.Release|x64.Deploy.0 = Release|Any CPU
		{86FA8C1F-90B7-4257-A759-AC930CA16618}.Release|x86.ActiveCfg = Release|Any CPU
		{86FA8C1F-90B7-4257-A759-AC930CA16618}.Release|x86.Build.0 = Release|Any CPU
		{86FA8C1F-90B7-4257-A759-AC930CA16618}.Release|x86.Deploy.0 = Release|Any CPU
		{681E4D76-EB54-4EF7-BD95-16E839A59A1C}.Ad-Hoc|Any CPU.ActiveCfg = Ad-Hoc|iPhone
		{681E4D76-EB54-4EF7-BD95-16E839A59A1C}.Ad-Hoc|Any CPU.Build.0 = Ad-Hoc|iPhone
		{681E4D76-EB54-4EF7-BD95-16E839A59A1C}.Ad-Hoc|Any CPU.Deploy.0 = Ad-Hoc|iPhone
		{681E4D76-EB54-4EF7-BD95-16E839A59A1C}.Ad-Hoc|ARM.ActiveCfg = Ad-Hoc|iPhone
		{681E4D76-EB54-4EF7-BD95-16E839A59A1C}.Ad-Hoc|ARM.Build.0 = Ad-Hoc|iPhone
		{681E4D76-EB54-4EF7-BD95-16E839A59A1C}.Ad-Hoc|ARM.Deploy.0 = Ad-Hoc|iPhone
		{681E4D76-EB54-4EF7-BD95-16E839A59A1C}.Ad-Hoc|iPhone.ActiveCfg = Ad-Hoc|iPhone
		{681E4D76-EB54-4EF7-BD95-16E839A59A1C}.Ad-Hoc|iPhone.Build.0 = Ad-Hoc|iPhone
		{681E4D76-EB54-4EF7-BD95-16E839A59A1C}.Ad-Hoc|iPhone.Deploy.0 = Ad-Hoc|iPhone
		{681E4D76-EB54-4EF7-BD95-16E839A59A1C}.Ad-Hoc|iPhoneSimulator.ActiveCfg = Ad-Hoc|iPhoneSimulator
		{681E4D76-EB54-4EF7-BD95-16E839A59A1C}.Ad-Hoc|iPhoneSimulator.Build.0 = Ad-Hoc|iPhoneSimulator
		{681E4D76-EB54-4EF7-BD95-16E839A59A1C}.Ad-Hoc|iPhoneSimulator.Deploy.0 = Ad-Hoc|iPhoneSimulator
		{681E4D76-EB54-4EF7-BD95-16E839A59A1C}.Ad-Hoc|x64.ActiveCfg = Ad-Hoc|iPhone
		{681E4D76-EB54-4EF7-BD95-16E839A59A1C}.Ad-Hoc|x64.Build.0 = Ad-Hoc|iPhone
		{681E4D76-EB54-4EF7-BD95-16E839A59A1C}.Ad-Hoc|x64.Deploy.0 = Ad-Hoc|iPhone
		{681E4D76-EB54-4EF7-BD95-16E839A59A1C}.Ad-Hoc|x86.ActiveCfg = Ad-Hoc|iPhone
		{681E4D76-EB54-4EF7-BD95-16E839A59A1C}.Ad-Hoc|x86.Build.0 = Ad-Hoc|iPhone
		{681E4D76-EB54-4EF7-BD95-16E839A59A1C}.Ad-Hoc|x86.Deploy.0 = Ad-Hoc|iPhone
		{681E4D76-EB54-4EF7-BD95-16E839A59A1C}.AppStore|Any CPU.ActiveCfg = AppStore|iPhone
		{681E4D76-EB54-4EF7-BD95-16E839A59A1C}.AppStore|Any CPU.Build.0 = AppStore|iPhone
		{681E4D76-EB54-4EF7-BD95-16E839A59A1C}.AppStore|Any CPU.Deploy.0 = AppStore|iPhone
		{681E4D76-EB54-4EF7-BD95-16E839A59A1C}.AppStore|ARM.ActiveCfg = AppStore|iPhone
		{681E4D76-EB54-4EF7-BD95-16E839A59A1C}.AppStore|ARM.Build.0 = AppStore|iPhone
		{681E4D76-EB54-4EF7-BD95-16E839A59A1C}.AppStore|ARM.Deploy.0 = AppStore|iPhone
		{681E4D76-EB54-4EF7-BD95-16E839A59A1C}.AppStore|iPhone.ActiveCfg = AppStore|iPhone
		{681E4D76-EB54-4EF7-BD95-16E839A59A1C}.AppStore|iPhone.Build.0 = AppStore|iPhone
		{681E4D76-EB54-4EF7-BD95-16E839A59A1C}.AppStore|iPhone.Deploy.0 = AppStore|iPhone
		{681E4D76-EB54-4EF7-BD95-16E839A59A1C}.AppStore|iPhoneSimulator.ActiveCfg = AppStore|iPhoneSimulator
		{681E4D76-EB54-4EF7-BD95-16E839A59A1C}.AppStore|iPhoneSimulator.Build.0 = AppStore|iPhoneSimulator
		{681E4D76-EB54-4EF7-BD95-16E839A59A1C}.AppStore|iPhoneSimulator.Deploy.0 = AppStore|iPhoneSimulator
		{681E4D76-EB54-4EF7-BD95-16E839A59A1C}.AppStore|x64.ActiveCfg = AppStore|iPhone
		{681E4D76-EB54-4EF7-BD95-16E839A59A1C}.AppStore|x64.Build.0 = AppStore|iPhone
		{681E4D76-EB54-4EF7-BD95-16E839A59A1C}.AppStore|x64.Deploy.0 = AppStore|iPhone
		{681E4D76-EB54-4EF7-BD95-16E839A59A1C}.AppStore|x86.ActiveCfg = AppStore|iPhone
		{681E4D76-EB54-4EF7-BD95-16E839A59A1C}.AppStore|x86.Build.0 = AppStore|iPhone
		{681E4D76-EB54-4EF7-BD95-16E839A59A1C}.AppStore|x86.Deploy.0 = AppStore|iPhone
		{681E4D76-EB54-4EF7-BD95-16E839A59A1C}.Debug|Any CPU.ActiveCfg = Debug|iPhoneSimulator
		{681E4D76-EB54-4EF7-BD95-16E839A59A1C}.Debug|Any CPU.Build.0 = Debug|iPhoneSimulator
		{681E4D76-EB54-4EF7-BD95-16E839A59A1C}.Debug|Any CPU.Deploy.0 = Debug|iPhoneSimulator
		{681E4D76-EB54-4EF7-BD95-16E839A59A1C}.Debug|ARM.ActiveCfg = Debug|iPhone
		{681E4D76-EB54-4EF7-BD95-16E839A59A1C}.Debug|ARM.Build.0 = Debug|iPhone
		{681E4D76-EB54-4EF7-BD95-16E839A59A1C}.Debug|ARM.Deploy.0 = Debug|iPhone
		{681E4D76-EB54-4EF7-BD95-16E839A59A1C}.Debug|iPhone.ActiveCfg = Debug|iPhone
		{681E4D76-EB54-4EF7-BD95-16E839A59A1C}.Debug|iPhone.Build.0 = Debug|iPhone
		{681E4D76-EB54-4EF7-BD95-16E839A59A1C}.Debug|iPhone.Deploy.0 = Debug|iPhone
		{681E4D76-EB54-4EF7-BD95-16E839A59A1C}.Debug|iPhoneSimulator.ActiveCfg = Debug|iPhoneSimulator
		{681E4D76-EB54-4EF7-BD95-16E839A59A1C}.Debug|iPhoneSimulator.Build.0 = Debug|iPhoneSimulator
		{681E4D76-EB54-4EF7-BD95-16E839A59A1C}.Debug|iPhoneSimulator.Deploy.0 = Debug|iPhoneSimulator
		{681E4D76-EB54-4EF7-BD95-16E839A59A1C}.Debug|x64.ActiveCfg = Debug|iPhone
		{681E4D76-EB54-4EF7-BD95-16E839A59A1C}.Debug|x64.Build.0 = Debug|iPhone
		{681E4D76-EB54-4EF7-BD95-16E839A59A1C}.Debug|x64.Deploy.0 = Debug|iPhone
		{681E4D76-EB54-4EF7-BD95-16E839A59A1C}.Debug|x86.ActiveCfg = Debug|iPhone
		{681E4D76-EB54-4EF7-BD95-16E839A59A1C}.Debug|x86.Build.0 = Debug|iPhone
		{681E4D76-EB54-4EF7-BD95-16E839A59A1C}.Debug|x86.Deploy.0 = Debug|iPhone
		{681E4D76-EB54-4EF7-BD95-16E839A59A1C}.Release|Any CPU.ActiveCfg = Release|iPhone
		{681E4D76-EB54-4EF7-BD95-16E839A59A1C}.Release|Any CPU.Build.0 = Release|iPhone
		{681E4D76-EB54-4EF7-BD95-16E839A59A1C}.Release|Any CPU.Deploy.0 = Release|iPhone
		{681E4D76-EB54-4EF7-BD95-16E839A59A1C}.Release|ARM.ActiveCfg = Release|iPhone
		{681E4D76-EB54-4EF7-BD95-16E839A59A1C}.Release|ARM.Build.0 = Release|iPhone
		{681E4D76-EB54-4EF7-BD95-16E839A59A1C}.Release|ARM.Deploy.0 = Release|iPhone
		{681E4D76-EB54-4EF7-BD95-16E839A59A1C}.Release|iPhone.ActiveCfg = Release|iPhone
		{681E4D76-EB54-4EF7-BD95-16E839A59A1C}.Release|iPhone.Build.0 = Release|iPhone
		{681E4D76-EB54-4EF7-BD95-16E839A59A1C}.Release|iPhone.Deploy.0 = Release|iPhone
		{681E4D76-EB54-4EF7-BD95-16E839A59A1C}.Release|iPhoneSimulator.ActiveCfg = Release|iPhoneSimulator
		{681E4D76-EB54-4EF7-BD95-16E839A59A1C}.Release|iPhoneSimulator.Build.0 = Release|iPhoneSimulator
		{681E4D76-EB54-4EF7-BD95-16E839A59A1C}.Release|iPhoneSimulator.Deploy.0 = Release|iPhoneSimulator
		{681E4D76-EB54-4EF7-BD95-16E839A59A1C}.Release|x64.ActiveCfg = Release|iPhone
		{681E4D76-EB54-4EF7-BD95-16E839A59A1C}.Release|x64.Build.0 = Release|iPhone
		{681E4D76-EB54-4EF7-BD95-16E839A59A1C}.Release|x64.Deploy.0 = Release|iPhone
		{681E4D76-EB54-4EF7-BD95-16E839A59A1C}.Release|x86.ActiveCfg = Release|iPhone
		{681E4D76-EB54-4EF7-BD95-16E839A59A1C}.Release|x86.Build.0 = Release|iPhone
		{681E4D76-EB54-4EF7-BD95-16E839A59A1C}.Release|x86.Deploy.0 = Release|iPhone
		{336430A4-4B12-4213-8366-159646DE63D6}.Ad-Hoc|Any CPU.ActiveCfg = Release|x86
		{336430A4-4B12-4213-8366-159646DE63D6}.Ad-Hoc|Any CPU.Build.0 = Release|x86
		{336430A4-4B12-4213-8366-159646DE63D6}.Ad-Hoc|Any CPU.Deploy.0 = Release|x86
		{336430A4-4B12-4213-8366-159646DE63D6}.Ad-Hoc|ARM.ActiveCfg = Release|ARM
		{336430A4-4B12-4213-8366-159646DE63D6}.Ad-Hoc|ARM.Build.0 = Release|ARM
		{336430A4-4B12-4213-8366-159646DE63D6}.Ad-Hoc|ARM.Deploy.0 = Release|ARM
		{336430A4-4B12-4213-8366-159646DE63D6}.Ad-Hoc|iPhone.ActiveCfg = Release|x86
		{336430A4-4B12-4213-8366-159646DE63D6}.Ad-Hoc|iPhone.Build.0 = Release|x86
		{336430A4-4B12-4213-8366-159646DE63D6}.Ad-Hoc|iPhone.Deploy.0 = Release|x86
		{336430A4-4B12-4213-8366-159646DE63D6}.Ad-Hoc|iPhoneSimulator.ActiveCfg = Release|x86
		{336430A4-4B12-4213-8366-159646DE63D6}.Ad-Hoc|iPhoneSimulator.Build.0 = Release|x86
		{336430A4-4B12-4213-8366-159646DE63D6}.Ad-Hoc|iPhoneSimulator.Deploy.0 = Release|x86
		{336430A4-4B12-4213-8366-159646DE63D6}.Ad-Hoc|x64.ActiveCfg = Release|x64
		{336430A4-4B12-4213-8366-159646DE63D6}.Ad-Hoc|x64.Build.0 = Release|x64
		{336430A4-4B12-4213-8366-159646DE63D6}.Ad-Hoc|x64.Deploy.0 = Release|x64
		{336430A4-4B12-4213-8366-159646DE63D6}.Ad-Hoc|x86.ActiveCfg = Release|x86
		{336430A4-4B12-4213-8366-159646DE63D6}.Ad-Hoc|x86.Build.0 = Release|x86
		{336430A4-4B12-4213-8366-159646DE63D6}.Ad-Hoc|x86.Deploy.0 = Release|x86
		{336430A4-4B12-4213-8366-159646DE63D6}.AppStore|Any CPU.ActiveCfg = Release|x86
		{336430A4-4B12-4213-8366-159646DE63D6}.AppStore|Any CPU.Build.0 = Release|x86
		{336430A4-4B12-4213-8366-159646DE63D6}.AppStore|Any CPU.Deploy.0 = Release|x86
		{336430A4-4B12-4213-8366-159646DE63D6}.AppStore|ARM.ActiveCfg = Release|ARM
		{336430A4-4B12-4213-8366-159646DE63D6}.AppStore|ARM.Build.0 = Release|ARM
		{336430A4-4B12-4213-8366-159646DE63D6}.AppStore|ARM.Deploy.0 = Release|ARM
		{336430A4-4B12-4213-8366-159646DE63D6}.AppStore|iPhone.ActiveCfg = Release|x86
		{336430A4-4B12-4213-8366-159646DE63D6}.AppStore|iPhone.Build.0 = Release|x86
		{336430A4-4B12-4213-8366-159646DE63D6}.AppStore|iPhone.Deploy.0 = Release|x86
		{336430A4-4B12-4213-8366-159646DE63D6}.AppStore|iPhoneSimulator.ActiveCfg = Release|x86
		{336430A4-4B12-4213-8366-159646DE63D6}.AppStore|iPhoneSimulator.Build.0 = Release|x86
		{336430A4-4B12-4213-8366-159646DE63D6}.AppStore|iPhoneSimulator.Deploy.0 = Release|x86
		{336430A4-4B12-4213-8366-159646DE63D6}.AppStore|x64.ActiveCfg = Release|x64
		{336430A4-4B12-4213-8366-159646DE63D6}.AppStore|x64.Build.0 = Release|x64
		{336430A4-4B12-4213-8366-159646DE63D6}.AppStore|x64.Deploy.0 = Release|x64
		{336430A4-4B12-4213-8366-159646DE63D6}.AppStore|x86.ActiveCfg = Release|x86
		{336430A4-4B12-4213-8366-159646DE63D6}.AppStore|x86.Build.0 = Release|x86
		{336430A4-4B12-4213-8366-159646DE63D6}.AppStore|x86.Deploy.0 = Release|x86
		{336430A4-4B12-4213-8366-159646DE63D6}.Debug|Any CPU.ActiveCfg = Debug|x86
		{336430A4-4B12-4213-8366-159646DE63D6}.Debug|Any CPU.Build.0 = Debug|x86
		{336430A4-4B12-4213-8366-159646DE63D6}.Debug|Any CPU.Deploy.0 = Debug|x86
		{336430A4-4B12-4213-8366-159646DE63D6}.Debug|ARM.ActiveCfg = Debug|ARM
		{336430A4-4B12-4213-8366-159646DE63D6}.Debug|ARM.Build.0 = Debug|ARM
		{336430A4-4B12-4213-8366-159646DE63D6}.Debug|ARM.Deploy.0 = Debug|ARM
		{336430A4-4B12-4213-8366-159646DE63D6}.Debug|iPhone.ActiveCfg = Debug|x86
		{336430A4-4B12-4213-8366-159646DE63D6}.Debug|iPhone.Build.0 = Debug|x86
		{336430A4-4B12-4213-8366-159646DE63D6}.Debug|iPhone.Deploy.0 = Debug|x86
		{336430A4-4B12-4213-8366-159646DE63D6}.Debug|iPhoneSimulator.ActiveCfg = Debug|x86
		{336430A4-4B12-4213-8366-159646DE63D6}.Debug|iPhoneSimulator.Build.0 = Debug|x86
		{336430A4-4B12-4213-8366-159646DE63D6}.Debug|iPhoneSimulator.Deploy.0 = Debug|x86
		{336430A4-4B12-4213-8366-159646DE63D6}.Debug|x64.ActiveCfg = Debug|x64
		{336430A4-4B12-4213-8366-159646DE63D6}.Debug|x64.Build.0 = Debug|x64
		{336430A4-4B12-4213-8366-159646DE63D6}.Debug|x64.Deploy.0 = Debug|x64
		{336430A4-4B12-4213-8366-159646DE63D6}.Debug|x86.ActiveCfg = Debug|x86
		{336430A4-4B12-4213-8366-159646DE63D6}.Debug|x86.Build.0 = Debug|x86
		{336430A4-4B12-4213-8366-159646DE63D6}.Debug|x86.Deploy.0 = Debug|x86
		{336430A4-4B12-4213-8366-159646DE63D6}.Release|Any CPU.ActiveCfg = Release|x86
		{336430A4-4B12-4213-8366-159646DE63D6}.Release|Any CPU.Build.0 = Release|x86
		{336430A4-4B12-4213-8366-159646DE63D6}.Release|Any CPU.Deploy.0 = Release|x86
		{336430A4-4B12-4213-8366-159646DE63D6}.Release|ARM.ActiveCfg = Release|ARM
		{336430A4-4B12-4213-8366-159646DE63D6}.Release|ARM.Build.0 = Release|ARM
		{336430A4-4B12-4213-8366-159646DE63D6}.Release|ARM.Deploy.0 = Release|ARM
		{336430A4-4B12-4213-8366-159646DE63D6}.Release|iPhone.ActiveCfg = Release|x86
		{336430A4-4B12-4213-8366-159646DE63D6}.Release|iPhone.Build.0 = Release|x86
		{336430A4-4B12-4213-8366-159646DE63D6}.Release|iPhone.Deploy.0 = Release|x86
		{336430A4-4B12-4213-8366-159646DE63D6}.Release|iPhoneSimulator.ActiveCfg = Release|x86
		{336430A4-4B12-4213-8366-159646DE63D6}.Release|iPhoneSimulator.Build.0 = Release|x86
		{336430A4-4B12-4213-8366-159646DE63D6}.Release|iPhoneSimulator.Deploy.0 = Release|x86
		{336430A4-4B12-4213-8366-159646DE63D6}.Release|x64.ActiveCfg = Release|x64
		{336430A4-4B12-4213-8366-159646DE63D6}.Release|x64.Build.0 = Release|x64
		{336430A4-4B12-4213-8366-159646DE63D6}.Release|x64.Deploy.0 = Release|x64
		{336430A4-4B12-4213-8366-159646DE63D6}.Release|x86.ActiveCfg = Release|x86
		{336430A4-4B12-4213-8366-159646DE63D6}.Release|x86.Build.0 = Release|x86
		{336430A4-4B12-4213-8366-159646DE63D6}.Release|x86.Deploy.0 = Release|x86
		{E67EEB35-EE80-4F8B-B781-5AF5DA72B99B}.Ad-Hoc|Any CPU.ActiveCfg = Debug|Any CPU
		{E67EEB35-EE80-4F8B-B781-5AF5DA72B99B}.Ad-Hoc|Any CPU.Build.0 = Debug|Any CPU
		{E67EEB35-EE80-4F8B-B781-5AF5DA72B99B}.Ad-Hoc|Any CPU.Deploy.0 = Debug|Any CPU
		{E67EEB35-EE80-4F8B-B781-5AF5DA72B99B}.Ad-Hoc|ARM.ActiveCfg = Debug|Any CPU
		{E67EEB35-EE80-4F8B-B781-5AF5DA72B99B}.Ad-Hoc|ARM.Build.0 = Debug|Any CPU
		{E67EEB35-EE80-4F8B-B781-5AF5DA72B99B}.Ad-Hoc|ARM.Deploy.0 = Debug|Any CPU
		{E67EEB35-EE80-4F8B-B781-5AF5DA72B99B}.Ad-Hoc|iPhone.ActiveCfg = Debug|Any CPU
		{E67EEB35-EE80-4F8B-B781-5AF5DA72B99B}.Ad-Hoc|iPhone.Build.0 = Debug|Any CPU
		{E67EEB35-EE80-4F8B-B781-5AF5DA72B99B}.Ad-Hoc|iPhone.Deploy.0 = Debug|Any CPU
		{E67EEB35-EE80-4F8B-B781-5AF5DA72B99B}.Ad-Hoc|iPhoneSimulator.ActiveCfg = Debug|Any CPU
		{E67EEB35-EE80-4F8B-B781-5AF5DA72B99B}.Ad-Hoc|iPhoneSimulator.Build.0 = Debug|Any CPU
		{E67EEB35-EE80-4F8B-B781-5AF5DA72B99B}.Ad-Hoc|iPhoneSimulator.Deploy.0 = Debug|Any CPU
		{E67EEB35-EE80-4F8B-B781-5AF5DA72B99B}.Ad-Hoc|x64.ActiveCfg = Debug|Any CPU
		{E67EEB35-EE80-4F8B-B781-5AF5DA72B99B}.Ad-Hoc|x64.Build.0 = Debug|Any CPU
		{E67EEB35-EE80-4F8B-B781-5AF5DA72B99B}.Ad-Hoc|x64.Deploy.0 = Debug|Any CPU
		{E67EEB35-EE80-4F8B-B781-5AF5DA72B99B}.Ad-Hoc|x86.ActiveCfg = Debug|Any CPU
		{E67EEB35-EE80-4F8B-B781-5AF5DA72B99B}.Ad-Hoc|x86.Build.0 = Debug|Any CPU
		{E67EEB35-EE80-4F8B-B781-5AF5DA72B99B}.Ad-Hoc|x86.Deploy.0 = Debug|Any CPU
		{E67EEB35-EE80-4F8B-B781-5AF5DA72B99B}.AppStore|Any CPU.ActiveCfg = Debug|Any CPU
		{E67EEB35-EE80-4F8B-B781-5AF5DA72B99B}.AppStore|Any CPU.Build.0 = Debug|Any CPU
		{E67EEB35-EE80-4F8B-B781-5AF5DA72B99B}.AppStore|Any CPU.Deploy.0 = Debug|Any CPU
		{E67EEB35-EE80-4F8B-B781-5AF5DA72B99B}.AppStore|ARM.ActiveCfg = Debug|Any CPU
		{E67EEB35-EE80-4F8B-B781-5AF5DA72B99B}.AppStore|ARM.Build.0 = Debug|Any CPU
		{E67EEB35-EE80-4F8B-B781-5AF5DA72B99B}.AppStore|ARM.Deploy.0 = Debug|Any CPU
		{E67EEB35-EE80-4F8B-B781-5AF5DA72B99B}.AppStore|iPhone.ActiveCfg = Debug|Any CPU
		{E67EEB35-EE80-4F8B-B781-5AF5DA72B99B}.AppStore|iPhone.Build.0 = Debug|Any CPU
		{E67EEB35-EE80-4F8B-B781-5AF5DA72B99B}.AppStore|iPhone.Deploy.0 = Debug|Any CPU
		{E67EEB35-EE80-4F8B-B781-5AF5DA72B99B}.AppStore|iPhoneSimulator.ActiveCfg = Debug|Any CPU
		{E67EEB35-EE80-4F8B-B781-5AF5DA72B99B}.AppStore|iPhoneSimulator.Build.0 = Debug|Any CPU
		{E67EEB35-EE80-4F8B-B781-5AF5DA72B99B}.AppStore|iPhoneSimulator.Deploy.0 = Debug|Any CPU
		{E67EEB35-EE80-4F8B-B781-5AF5DA72B99B}.AppStore|x64.ActiveCfg = Debug|Any CPU
		{E67EEB35-EE80-4F8B-B781-5AF5DA72B99B}.AppStore|x64.Build.0 = Debug|Any CPU
		{E67EEB35-EE80-4F8B-B781-5AF5DA72B99B}.AppStore|x64.Deploy.0 = Debug|Any CPU
		{E67EEB35-EE80-4F8B-B781-5AF5DA72B99B}.AppStore|x86.ActiveCfg = Debug|Any CPU
		{E67EEB35-EE80-4F8B-B781-5AF5DA72B99B}.AppStore|x86.Build.0 = Debug|Any CPU
		{E67EEB35-EE80-4F8B-B781-5AF5DA72B99B}.AppStore|x86.Deploy.0 = Debug|Any CPU
		{E67EEB35-EE80-4F8B-B781-5AF5DA72B99B}.Debug|Any CPU.ActiveCfg = Debug|Any CPU
		{E67EEB35-EE80-4F8B-B781-5AF5DA72B99B}.Debug|Any CPU.Build.0 = Debug|Any CPU
		{E67EEB35-EE80-4F8B-B781-5AF5DA72B99B}.Debug|Any CPU.Deploy.0 = Debug|Any CPU
		{E67EEB35-EE80-4F8B-B781-5AF5DA72B99B}.Debug|ARM.ActiveCfg = Debug|Any CPU
		{E67EEB35-EE80-4F8B-B781-5AF5DA72B99B}.Debug|ARM.Build.0 = Debug|Any CPU
		{E67EEB35-EE80-4F8B-B781-5AF5DA72B99B}.Debug|ARM.Deploy.0 = Debug|Any CPU
		{E67EEB35-EE80-4F8B-B781-5AF5DA72B99B}.Debug|iPhone.ActiveCfg = Debug|Any CPU
		{E67EEB35-EE80-4F8B-B781-5AF5DA72B99B}.Debug|iPhone.Build.0 = Debug|Any CPU
		{E67EEB35-EE80-4F8B-B781-5AF5DA72B99B}.Debug|iPhone.Deploy.0 = Debug|Any CPU
		{E67EEB35-EE80-4F8B-B781-5AF5DA72B99B}.Debug|iPhoneSimulator.ActiveCfg = Debug|Any CPU
		{E67EEB35-EE80-4F8B-B781-5AF5DA72B99B}.Debug|iPhoneSimulator.Build.0 = Debug|Any CPU
		{E67EEB35-EE80-4F8B-B781-5AF5DA72B99B}.Debug|iPhoneSimulator.Deploy.0 = Debug|Any CPU
		{E67EEB35-EE80-4F8B-B781-5AF5DA72B99B}.Debug|x64.ActiveCfg = Debug|Any CPU
		{E67EEB35-EE80-4F8B-B781-5AF5DA72B99B}.Debug|x64.Build.0 = Debug|Any CPU
		{E67EEB35-EE80-4F8B-B781-5AF5DA72B99B}.Debug|x64.Deploy.0 = Debug|Any CPU
		{E67EEB35-EE80-4F8B-B781-5AF5DA72B99B}.Debug|x86.ActiveCfg = Debug|Any CPU
		{E67EEB35-EE80-4F8B-B781-5AF5DA72B99B}.Debug|x86.Build.0 = Debug|Any CPU
		{E67EEB35-EE80-4F8B-B781-5AF5DA72B99B}.Debug|x86.Deploy.0 = Debug|Any CPU
		{E67EEB35-EE80-4F8B-B781-5AF5DA72B99B}.Release|Any CPU.ActiveCfg = Release|Any CPU
		{E67EEB35-EE80-4F8B-B781-5AF5DA72B99B}.Release|Any CPU.Build.0 = Release|Any CPU
		{E67EEB35-EE80-4F8B-B781-5AF5DA72B99B}.Release|Any CPU.Deploy.0 = Release|Any CPU
		{E67EEB35-EE80-4F8B-B781-5AF5DA72B99B}.Release|ARM.ActiveCfg = Release|Any CPU
		{E67EEB35-EE80-4F8B-B781-5AF5DA72B99B}.Release|ARM.Build.0 = Release|Any CPU
		{E67EEB35-EE80-4F8B-B781-5AF5DA72B99B}.Release|ARM.Deploy.0 = Release|Any CPU
		{E67EEB35-EE80-4F8B-B781-5AF5DA72B99B}.Release|iPhone.ActiveCfg = Release|Any CPU
		{E67EEB35-EE80-4F8B-B781-5AF5DA72B99B}.Release|iPhone.Build.0 = Release|Any CPU
		{E67EEB35-EE80-4F8B-B781-5AF5DA72B99B}.Release|iPhone.Deploy.0 = Release|Any CPU
		{E67EEB35-EE80-4F8B-B781-5AF5DA72B99B}.Release|iPhoneSimulator.ActiveCfg = Release|Any CPU
		{E67EEB35-EE80-4F8B-B781-5AF5DA72B99B}.Release|iPhoneSimulator.Build.0 = Release|Any CPU
		{E67EEB35-EE80-4F8B-B781-5AF5DA72B99B}.Release|iPhoneSimulator.Deploy.0 = Release|Any CPU
		{E67EEB35-EE80-4F8B-B781-5AF5DA72B99B}.Release|x64.ActiveCfg = Release|Any CPU
		{E67EEB35-EE80-4F8B-B781-5AF5DA72B99B}.Release|x64.Build.0 = Release|Any CPU
		{E67EEB35-EE80-4F8B-B781-5AF5DA72B99B}.Release|x64.Deploy.0 = Release|Any CPU
		{E67EEB35-EE80-4F8B-B781-5AF5DA72B99B}.Release|x86.ActiveCfg = Release|Any CPU
		{E67EEB35-EE80-4F8B-B781-5AF5DA72B99B}.Release|x86.Build.0 = Release|Any CPU
		{E67EEB35-EE80-4F8B-B781-5AF5DA72B99B}.Release|x86.Deploy.0 = Release|Any CPU
	EndGlobalSection
	GlobalSection(SolutionProperties) = preSolution
		HideSolutionNode = FALSE
	EndGlobalSection
	GlobalSection(ExtensibilityGlobals) = postSolution
		SolutionGuid = {5D92E9DB-2C33-4E33-BA7F-32961954B9D3}
	EndGlobalSection
EndGlobal
